
Microsoft Visual Studio Solution File, Format Version 12.00
# Visual Studio 14
VisualStudioVersion = 14.0.25123.0
MinimumVisualStudioVersion = 10.0.40219.1
Project("{FAE04EC0-301F-11D3-BF4B-00C04F79EFBC}") = "vt1", "vt1\vt1.csproj", "{19FC0F99-C6DF-4305-B45E-A6826A6013AA}"
EndProject
Global
	GlobalSection(SolutionConfigurationPlatforms) = preSolution
		Debug|Any CPU = Debug|Any CPU
		Release|Any CPU = Release|Any CPU
	EndGlobalSection
	GlobalSection(ProjectConfigurationPlatforms) = postSolution
		{19FC0F99-C6DF-4305-B45E-A6826A6013AA}.Debug|Any CPU.ActiveCfg = Debug|Any CPU
		{19FC0F99-C6DF-4305-B45E-A6826A6013AA}.Debug|Any CPU.Build.0 = Debug|Any CPU
		{19FC0F99-C6DF-4305-B45E-A6826A6013AA}.Release|Any CPU.ActiveCfg = Release|Any CPU
		{19FC0F99-C6DF-4305-B45E-A6826A6013AA}.Release|Any CPU.Build.0 = Release|Any CPU
	EndGlobalSection
	GlobalSection(SolutionProperties) = preSolution
		HideSolutionNode = FALSE
	EndGlobalSection
EndGlobal
