
Microsoft Visual Studio Solution File, Format Version 12.00
# Visual Studio 14
VisualStudioVersion = 14.0.25420.1
MinimumVisualStudioVersion = 10.0.40219.1
Project("{FAE04EC0-301F-11D3-BF4B-00C04F79EFBC}") = "Laskuri", "Laskuri\Laskuri.csproj", "{3082DA6E-2726-4F06-A124-2D2ECDA91FC7}"
EndProject
Project("{FAE04EC0-301F-11D3-BF4B-00C04F79EFBC}") = "KilometriNopeusLaskuri", "KilometriNopeusLaskuri\KilometriNopeusLaskuri.csproj", "{FBBD53E1-0F13-4159-931F-AE0332419825}"
EndProject
Global
	GlobalSection(SolutionConfigurationPlatforms) = preSolution
		Debug|Any CPU = Debug|Any CPU
		Release|Any CPU = Release|Any CPU
	EndGlobalSection
	GlobalSection(ProjectConfigurationPlatforms) = postSolution
		{3082DA6E-2726-4F06-A124-2D2ECDA91FC7}.Debug|Any CPU.ActiveCfg = Debug|Any CPU
		{3082DA6E-2726-4F06-A124-2D2ECDA91FC7}.Debug|Any CPU.Build.0 = Debug|Any CPU
		{3082DA6E-2726-4F06-A124-2D2ECDA91FC7}.Release|Any CPU.ActiveCfg = Release|Any CPU
		{3082DA6E-2726-4F06-A124-2D2ECDA91FC7}.Release|Any CPU.Build.0 = Release|Any CPU
		{FBBD53E1-0F13-4159-931F-AE0332419825}.Debug|Any CPU.ActiveCfg = Debug|Any CPU
		{FBBD53E1-0F13-4159-931F-AE0332419825}.Debug|Any CPU.Build.0 = Debug|Any CPU
		{FBBD53E1-0F13-4159-931F-AE0332419825}.Release|Any CPU.ActiveCfg = Release|Any CPU
		{FBBD53E1-0F13-4159-931F-AE0332419825}.Release|Any CPU.Build.0 = Release|Any CPU
	EndGlobalSection
	GlobalSection(SolutionProperties) = preSolution
		HideSolutionNode = FALSE
	EndGlobalSection
EndGlobal
