
Microsoft Visual Studio Solution File, Format Version 12.00
# Visual Studio 14
VisualStudioVersion = 14.0.25123.0
MinimumVisualStudioVersion = 10.0.40219.1
Project("{FAE04EC0-301F-11D3-BF4B-00C04F79EFBC}") = "JänisDemo", "JänisDemo\JänisDemo.csproj", "{37CA1BF7-072E-47B6-97E1-9174550D0F84}"
EndProject
Project("{FAE04EC0-301F-11D3-BF4B-00C04F79EFBC}") = "HorizontalBar", "HorizontalBar\HorizontalBar.csproj", "{C66B0091-3548-4AF7-BFC6-8A8D80C37ED2}"
EndProject
Project("{FAE04EC0-301F-11D3-BF4B-00C04F79EFBC}") = "Scroller", "Scroller\Scroller.csproj", "{8FE30DB8-FF66-4D8E-902F-66CF9AFD5992}"
EndProject
Global
	GlobalSection(SolutionConfigurationPlatforms) = preSolution
		Debug|Any CPU = Debug|Any CPU
		Release|Any CPU = Release|Any CPU
	EndGlobalSection
	GlobalSection(ProjectConfigurationPlatforms) = postSolution
		{37CA1BF7-072E-47B6-97E1-9174550D0F84}.Debug|Any CPU.ActiveCfg = Debug|Any CPU
		{37CA1BF7-072E-47B6-97E1-9174550D0F84}.Debug|Any CPU.Build.0 = Debug|Any CPU
		{37CA1BF7-072E-47B6-97E1-9174550D0F84}.Release|Any CPU.ActiveCfg = Release|Any CPU
		{37CA1BF7-072E-47B6-97E1-9174550D0F84}.Release|Any CPU.Build.0 = Release|Any CPU
		{C66B0091-3548-4AF7-BFC6-8A8D80C37ED2}.Debug|Any CPU.ActiveCfg = Debug|Any CPU
		{C66B0091-3548-4AF7-BFC6-8A8D80C37ED2}.Debug|Any CPU.Build.0 = Debug|Any CPU
		{C66B0091-3548-4AF7-BFC6-8A8D80C37ED2}.Release|Any CPU.ActiveCfg = Release|Any CPU
		{C66B0091-3548-4AF7-BFC6-8A8D80C37ED2}.Release|Any CPU.Build.0 = Release|Any CPU
		{8FE30DB8-FF66-4D8E-902F-66CF9AFD5992}.Debug|Any CPU.ActiveCfg = Debug|Any CPU
		{8FE30DB8-FF66-4D8E-902F-66CF9AFD5992}.Debug|Any CPU.Build.0 = Debug|Any CPU
		{8FE30DB8-FF66-4D8E-902F-66CF9AFD5992}.Release|Any CPU.ActiveCfg = Release|Any CPU
		{8FE30DB8-FF66-4D8E-902F-66CF9AFD5992}.Release|Any CPU.Build.0 = Release|Any CPU
	EndGlobalSection
	GlobalSection(SolutionProperties) = preSolution
		HideSolutionNode = FALSE
	EndGlobalSection
EndGlobal
